
Microsoft Visual Studio Solution File, Format Version 12.00
# Visual Studio Version 17
VisualStudioVersion = 17.9.34607.119
MinimumVisualStudioVersion = 10.0.40219.1
Project("{FAE04EC0-301F-11D3-BF4B-00C04F79EFBC}") = "My_Flappy_Bird_C_Sharp_V2", "My_Flappy_Bird_C_Sharp_V2\My_Flappy_Bird_C_Sharp_V2.csproj", "{28D52C8A-6D41-42FB-8C83-1C16D307777C}"
EndProject
Global
	GlobalSection(SolutionConfigurationPlatforms) = preSolution
		Debug|Any CPU = Debug|Any CPU
		Release|Any CPU = Release|Any CPU
	EndGlobalSection
	GlobalSection(ProjectConfigurationPlatforms) = postSolution
		{28D52C8A-6D41-42FB-8C83-1C16D307777C}.Debug|Any CPU.ActiveCfg = Debug|Any CPU
		{28D52C8A-6D41-42FB-8C83-1C16D307777C}.Debug|Any CPU.Build.0 = Debug|Any CPU
		{28D52C8A-6D41-42FB-8C83-1C16D307777C}.Release|Any CPU.ActiveCfg = Release|Any CPU
		{28D52C8A-6D41-42FB-8C83-1C16D307777C}.Release|Any CPU.Build.0 = Release|Any CPU
	EndGlobalSection
	GlobalSection(SolutionProperties) = preSolution
		HideSolutionNode = FALSE
	EndGlobalSection
	GlobalSection(ExtensibilityGlobals) = postSolution
		SolutionGuid = {DAC7CADC-1EAE-49D7-9EFE-848083EC9B57}
	EndGlobalSection
EndGlobal
